// !$*UTF8*$!
{
	archiveVersion = 1;
	classes = {
	};
	objectVersion = 50;
	objects = {

/* Begin PBXBuildFile section */
		AB5FCD7221BEAD8E0055879E /* libflatbuffers.a in Frameworks */ = {isa = PBXBuildFile; fileRef = AB5FCD7121BEAD8E0055879E /* libflatbuffers.a */; };
		AB5FCD7D21BFC45A0055879E /* PlayerProgress.cpp in Sources */ = {isa = PBXBuildFile; fileRef = AB5FCD7C21BFC45A0055879E /* PlayerProgress.cpp */; };
		ABF5A78D21BE5F0900841BF0 /* main.cpp in Sources */ = {isa = PBXBuildFile; fileRef = ABF5A78C21BE5F0900841BF0 /* main.cpp */; };
/* End PBXBuildFile section */

/* Begin PBXCopyFilesBuildPhase section */
		ABF5A78721BE5F0900841BF0 /* CopyFiles */ = {
			isa = PBXCopyFilesBuildPhase;
			buildActionMask = 2147483647;
			dstPath = /usr/share/man/man1/;
			dstSubfolderSpec = 0;
			files = (
			);
			runOnlyForDeploymentPostprocessing = 1;
		};
/* End PBXCopyFilesBuildPhase section */

/* Begin PBXFileReference section */
		AB5FCD5B21BE699D0055879E /* grpc.h */ = {isa = PBXFileReference; fileEncoding = 4; lastKnownFileType = sourcecode.c.h; path = grpc.h; sourceTree = "<group>"; };
		AB5FCD5C21BE699D0055879E /* idl.h */ = {isa = PBXFileReference; fileEncoding = 4; lastKnownFileType = sourcecode.c.h; path = idl.h; sourceTree = "<group>"; };
		AB5FCD5D21BE699D0055879E /* reflection_generated.h */ = {isa = PBXFileReference; fileEncoding = 4; lastKnownFileType = sourcecode.c.h; path = reflection_generated.h; sourceTree = "<group>"; };
		AB5FCD5E21BE699D0055879E /* registry.h */ = {isa = PBXFileReference; fileEncoding = 4; lastKnownFileType = sourcecode.c.h; path = registry.h; sourceTree = "<group>"; };
		AB5FCD5F21BE699D0055879E /* flatbuffers.h */ = {isa = PBXFileReference; fileEncoding = 4; lastKnownFileType = sourcecode.c.h; path = flatbuffers.h; sourceTree = "<group>"; };
		AB5FCD6021BE699D0055879E /* flatc.h */ = {isa = PBXFileReference; fileEncoding = 4; lastKnownFileType = sourcecode.c.h; path = flatc.h; sourceTree = "<group>"; };
		AB5FCD6121BE699D0055879E /* flexbuffers.h */ = {isa = PBXFileReference; fileEncoding = 4; lastKnownFileType = sourcecode.c.h; path = flexbuffers.h; sourceTree = "<group>"; };
		AB5FCD6221BE699D0055879E /* minireflect.h */ = {isa = PBXFileReference; fileEncoding = 4; lastKnownFileType = sourcecode.c.h; path = minireflect.h; sourceTree = "<group>"; };
		AB5FCD6321BE699D0055879E /* util.h */ = {isa = PBXFileReference; fileEncoding = 4; lastKnownFileType = sourcecode.c.h; path = util.h; sourceTree = "<group>"; };
		AB5FCD6421BE699D0055879E /* code_generators.h */ = {isa = PBXFileReference; fileEncoding = 4; lastKnownFileType = sourcecode.c.h; path = code_generators.h; sourceTree = "<group>"; };
		AB5FCD6521BE699D0055879E /* stl_emulation.h */ = {isa = PBXFileReference; fileEncoding = 4; lastKnownFileType = sourcecode.c.h; path = stl_emulation.h; sourceTree = "<group>"; };
		AB5FCD6621BE699D0055879E /* hash.h */ = {isa = PBXFileReference; fileEncoding = 4; lastKnownFileType = sourcecode.c.h; path = hash.h; sourceTree = "<group>"; };
		AB5FCD6721BE699D0055879E /* reflection.h */ = {isa = PBXFileReference; fileEncoding = 4; lastKnownFileType = sourcecode.c.h; path = reflection.h; sourceTree = "<group>"; };
		AB5FCD6821BE699D0055879E /* base.h */ = {isa = PBXFileReference; fileEncoding = 4; lastKnownFileType = sourcecode.c.h; path = base.h; sourceTree = "<group>"; };
		AB5FCD6C21BEAC760055879E /* flatc */ = {isa = PBXFileReference; lastKnownFileType = "compiled.mach-o.executable"; path = flatc; sourceTree = "<group>"; };
		AB5FCD6E21BEAC800055879E /* zc_player_profile_schema.fbs */ = {isa = PBXFileReference; fileEncoding = 4; lastKnownFileType = text; path = zc_player_profile_schema.fbs; sourceTree = "<group>"; };
		AB5FCD7121BEAD8E0055879E /* libflatbuffers.a */ = {isa = PBXFileReference; lastKnownFileType = archive.ar; path = libflatbuffers.a; sourceTree = "<group>"; };
		AB5FCD7521BEB6E40055879E /* zc_player_profile_schema_generated.h */ = {isa = PBXFileReference; fileEncoding = 4; lastKnownFileType = sourcecode.c.h; path = zc_player_profile_schema_generated.h; sourceTree = "<group>"; };
		AB5FCD7B21BFC45A0055879E /* PlayerProgress.h */ = {isa = PBXFileReference; fileEncoding = 4; lastKnownFileType = sourcecode.c.h; path = PlayerProgress.h; sourceTree = "<group>"; };
		AB5FCD7C21BFC45A0055879E /* PlayerProgress.cpp */ = {isa = PBXFileReference; fileEncoding = 4; lastKnownFileType = sourcecode.cpp.cpp; path = PlayerProgress.cpp; sourceTree = "<group>"; };
		ABF5A78921BE5F0900841BF0 /* FlatBuffers-Example */ = {isa = PBXFileReference; explicitFileType = "compiled.mach-o.executable"; includeInIndex = 0; path = "FlatBuffers-Example"; sourceTree = BUILT_PRODUCTS_DIR; };
		ABF5A78C21BE5F0900841BF0 /* main.cpp */ = {isa = PBXFileReference; lastKnownFileType = sourcecode.cpp.cpp; path = main.cpp; sourceTree = "<group>"; };
/* End PBXFileReference section */

/* Begin PBXFrameworksBuildPhase section */
		ABF5A78621BE5F0900841BF0 /* Frameworks */ = {
			isa = PBXFrameworksBuildPhase;
			buildActionMask = 2147483647;
			files = (
				AB5FCD7221BEAD8E0055879E /* libflatbuffers.a in Frameworks */,
			);
			runOnlyForDeploymentPostprocessing = 0;
		};
/* End PBXFrameworksBuildPhase section */

/* Begin PBXGroup section */
		AB5FCD5821BE699D0055879E /* flatbuffers */ = {
			isa = PBXGroup;
			children = (
				AB5FCD7021BEAD8E0055879E /* Lib */,
				AB5FCD6B21BEAC760055879E /* Bin */,
				AB5FCD5921BE699D0055879E /* include */,
			);
			path = flatbuffers;
			sourceTree = "<group>";
		};
		AB5FCD5921BE699D0055879E /* include */ = {
			isa = PBXGroup;
			children = (
				AB5FCD7521BEB6E40055879E /* zc_player_profile_schema_generated.h */,
				AB5FCD5A21BE699D0055879E /* flatbuffers */,
			);
			path = include;
			sourceTree = "<group>";
		};
		AB5FCD5A21BE699D0055879E /* flatbuffers */ = {
			isa = PBXGroup;
			children = (
				AB5FCD5B21BE699D0055879E /* grpc.h */,
				AB5FCD5C21BE699D0055879E /* idl.h */,
				AB5FCD5D21BE699D0055879E /* reflection_generated.h */,
				AB5FCD5E21BE699D0055879E /* registry.h */,
				AB5FCD5F21BE699D0055879E /* flatbuffers.h */,
				AB5FCD6021BE699D0055879E /* flatc.h */,
				AB5FCD6121BE699D0055879E /* flexbuffers.h */,
				AB5FCD6221BE699D0055879E /* minireflect.h */,
				AB5FCD6321BE699D0055879E /* util.h */,
				AB5FCD6421BE699D0055879E /* code_generators.h */,
				AB5FCD6521BE699D0055879E /* stl_emulation.h */,
				AB5FCD6621BE699D0055879E /* hash.h */,
				AB5FCD6721BE699D0055879E /* reflection.h */,
				AB5FCD6821BE699D0055879E /* base.h */,
			);
			path = flatbuffers;
			sourceTree = "<group>";
		};
		AB5FCD6B21BEAC760055879E /* Bin */ = {
			isa = PBXGroup;
			children = (
				AB5FCD6E21BEAC800055879E /* zc_player_profile_schema.fbs */,
				AB5FCD6C21BEAC760055879E /* flatc */,
			);
			path = Bin;
			sourceTree = "<group>";
		};
		AB5FCD7021BEAD8E0055879E /* Lib */ = {
			isa = PBXGroup;
			children = (
				AB5FCD7121BEAD8E0055879E /* libflatbuffers.a */,
			);
			path = Lib;
			sourceTree = "<group>";
		};
		AB5FCD7A21BFC45A0055879E /* src */ = {
			isa = PBXGroup;
			children = (
				AB5FCD7B21BFC45A0055879E /* PlayerProgress.h */,
				AB5FCD7C21BFC45A0055879E /* PlayerProgress.cpp */,
			);
			path = src;
			sourceTree = "<group>";
		};
		ABF5A78021BE5F0900841BF0 = {
			isa = PBXGroup;
			children = (
				ABF5A78B21BE5F0900841BF0 /* FlatBuffers-Example */,
				ABF5A78A21BE5F0900841BF0 /* Products */,
			);
			sourceTree = "<group>";
		};
		ABF5A78A21BE5F0900841BF0 /* Products */ = {
			isa = PBXGroup;
			children = (
				ABF5A78921BE5F0900841BF0 /* FlatBuffers-Example */,
			);
			name = Products;
			sourceTree = "<group>";
		};
		ABF5A78B21BE5F0900841BF0 /* FlatBuffers-Example */ = {
			isa = PBXGroup;
			children = (
				AB5FCD7A21BFC45A0055879E /* src */,
				AB5FCD5821BE699D0055879E /* flatbuffers */,
				ABF5A78C21BE5F0900841BF0 /* main.cpp */,
			);
			path = "FlatBuffers-Example";
			sourceTree = "<group>";
		};
/* End PBXGroup section */

/* Begin PBXNativeTarget section */
		ABF5A78821BE5F0900841BF0 /* FlatBuffers-Example */ = {
			isa = PBXNativeTarget;
			buildConfigurationList = ABF5A79021BE5F0900841BF0 /* Build configuration list for PBXNativeTarget "FlatBuffers-Example" */;
			buildPhases = (
				ABF5A78521BE5F0900841BF0 /* Sources */,
				ABF5A78621BE5F0900841BF0 /* Frameworks */,
				ABF5A78721BE5F0900841BF0 /* CopyFiles */,
			);
			buildRules = (
			);
			dependencies = (
			);
			name = "FlatBuffers-Example";
			productName = "FlatBuffers-Example";
			productReference = ABF5A78921BE5F0900841BF0 /* FlatBuffers-Example */;
			productType = "com.apple.product-type.tool";
		};
/* End PBXNativeTarget section */

/* Begin PBXProject section */
		ABF5A78121BE5F0900841BF0 /* Project object */ = {
			isa = PBXProject;
			attributes = {
				LastUpgradeCheck = 1010;
				ORGANIZATIONNAME = "Giorgi Abelashvili";
				TargetAttributes = {
					ABF5A78821BE5F0900841BF0 = {
						CreatedOnToolsVersion = 10.1;
					};
				};
			};
			buildConfigurationList = ABF5A78421BE5F0900841BF0 /* Build configuration list for PBXProject "FlatBuffers-Example" */;
			compatibilityVersion = "Xcode 9.3";
			developmentRegion = en;
			hasScannedForEncodings = 0;
			knownRegions = (
				en,
			);
			mainGroup = ABF5A78021BE5F0900841BF0;
			productRefGroup = ABF5A78A21BE5F0900841BF0 /* Products */;
			projectDirPath = "";
			projectRoot = "";
			targets = (
				ABF5A78821BE5F0900841BF0 /* FlatBuffers-Example */,
			);
		};
/* End PBXProject section */

/* Begin PBXSourcesBuildPhase section */
		ABF5A78521BE5F0900841BF0 /* Sources */ = {
			isa = PBXSourcesBuildPhase;
			buildActionMask = 2147483647;
			files = (
				ABF5A78D21BE5F0900841BF0 /* main.cpp in Sources */,
				AB5FCD7D21BFC45A0055879E /* PlayerProgress.cpp in Sources */,
			);
			runOnlyForDeploymentPostprocessing = 0;
		};
/* End PBXSourcesBuildPhase section */

/* Begin XCBuildConfiguration section */
		ABF5A78E21BE5F0900841BF0 /* Debug */ = {
			isa = XCBuildConfiguration;
			buildSettings = {
				ALWAYS_SEARCH_USER_PATHS = NO;
				CLANG_ANALYZER_NONNULL = YES;
				CLANG_ANALYZER_NUMBER_OBJECT_CONVERSION = YES_AGGRESSIVE;
				CLANG_CXX_LANGUAGE_STANDARD = "gnu++14";
				CLANG_CXX_LIBRARY = "libc++";
				CLANG_ENABLE_MODULES = YES;
				CLANG_ENABLE_OBJC_ARC = YES;
				CLANG_ENABLE_OBJC_WEAK = YES;
				CLANG_WARN_BLOCK_CAPTURE_AUTORELEASING = YES;
				CLANG_WARN_BOOL_CONVERSION = YES;
				CLANG_WARN_COMMA = YES;
				CLANG_WARN_CONSTANT_CONVERSION = YES;
				CLANG_WARN_DEPRECATED_OBJC_IMPLEMENTATIONS = YES;
				CLANG_WARN_DIRECT_OBJC_ISA_USAGE = YES_ERROR;
				CLANG_WARN_DOCUMENTATION_COMMENTS = YES;
				CLANG_WARN_EMPTY_BODY = YES;
				CLANG_WARN_ENUM_CONVERSION = YES;
				CLANG_WARN_INFINITE_RECURSION = YES;
				CLANG_WARN_INT_CONVERSION = YES;
				CLANG_WARN_NON_LITERAL_NULL_CONVERSION = YES;
				CLANG_WARN_OBJC_IMPLICIT_RETAIN_SELF = YES;
				CLANG_WARN_OBJC_LITERAL_CONVERSION = YES;
				CLANG_WARN_OBJC_ROOT_CLASS = YES_ERROR;
				CLANG_WARN_RANGE_LOOP_ANALYSIS = YES;
				CLANG_WARN_STRICT_PROTOTYPES = YES;
				CLANG_WARN_SUSPICIOUS_MOVE = YES;
				CLANG_WARN_UNGUARDED_AVAILABILITY = YES_AGGRESSIVE;
				CLANG_WARN_UNREACHABLE_CODE = YES;
				CLANG_WARN__DUPLICATE_METHOD_MATCH = YES;
				CODE_SIGN_IDENTITY = "-";
				COPY_PHASE_STRIP = NO;
				DEBUG_INFORMATION_FORMAT = dwarf;
				ENABLE_STRICT_OBJC_MSGSEND = YES;
				ENABLE_TESTABILITY = YES;
				GCC_C_LANGUAGE_STANDARD = gnu11;
				GCC_DYNAMIC_NO_PIC = NO;
				GCC_NO_COMMON_BLOCKS = YES;
				GCC_OPTIMIZATION_LEVEL = 0;
				GCC_PREPROCESSOR_DEFINITIONS = (
					"DEBUG=1",
					"$(inherited)",
				);
				GCC_WARN_64_TO_32_BIT_CONVERSION = YES;
				GCC_WARN_ABOUT_RETURN_TYPE = YES_ERROR;
				GCC_WARN_UNDECLARED_SELECTOR = YES;
				GCC_WARN_UNINITIALIZED_AUTOS = YES_AGGRESSIVE;
				GCC_WARN_UNUSED_FUNCTION = YES;
				GCC_WARN_UNUSED_VARIABLE = YES;
				MACOSX_DEPLOYMENT_TARGET = 10.13;
				MTL_ENABLE_DEBUG_INFO = INCLUDE_SOURCE;
				MTL_FAST_MATH = YES;
				ONLY_ACTIVE_ARCH = YES;
				SDKROOT = macosx;
			};
			name = Debug;
		};
		ABF5A78F21BE5F0900841BF0 /* Release */ = {
			isa = XCBuildConfiguration;
			buildSettings = {
				ALWAYS_SEARCH_USER_PATHS = NO;
				CLANG_ANALYZER_NONNULL = YES;
				CLANG_ANALYZER_NUMBER_OBJECT_CONVERSION = YES_AGGRESSIVE;
				CLANG_CXX_LANGUAGE_STANDARD = "gnu++14";
				CLANG_CXX_LIBRARY = "libc++";
				CLANG_ENABLE_MODULES = YES;
				CLANG_ENABLE_OBJC_ARC = YES;
				CLANG_ENABLE_OBJC_WEAK = YES;
				CLANG_WARN_BLOCK_CAPTURE_AUTORELEASING = YES;
				CLANG_WARN_BOOL_CONVERSION = YES;
				CLANG_WARN_COMMA = YES;
				CLANG_WARN_CONSTANT_CONVERSION = YES;
				CLANG_WARN_DEPRECATED_OBJC_IMPLEMENTATIONS = YES;
				CLANG_WARN_DIRECT_OBJC_ISA_USAGE = YES_ERROR;
				CLANG_WARN_DOCUMENTATION_COMMENTS = YES;
				CLANG_WARN_EMPTY_BODY = YES;
				CLANG_WARN_ENUM_CONVERSION = YES;
				CLANG_WARN_INFINITE_RECURSION = YES;
				CLANG_WARN_INT_CONVERSION = YES;
				CLANG_WARN_NON_LITERAL_NULL_CONVERSION = YES;
				CLANG_WARN_OBJC_IMPLICIT_RETAIN_SELF = YES;
				CLANG_WARN_OBJC_LITERAL_CONVERSION = YES;
				CLANG_WARN_OBJC_ROOT_CLASS = YES_ERROR;
				CLANG_WARN_RANGE_LOOP_ANALYSIS = YES;
				CLANG_WARN_STRICT_PROTOTYPES = YES;
				CLANG_WARN_SUSPICIOUS_MOVE = YES;
				CLANG_WARN_UNGUARDED_AVAILABILITY = YES_AGGRESSIVE;
				CLANG_WARN_UNREACHABLE_CODE = YES;
				CLANG_WARN__DUPLICATE_METHOD_MATCH = YES;
				CODE_SIGN_IDENTITY = "-";
				COPY_PHASE_STRIP = NO;
				DEBUG_INFORMATION_FORMAT = "dwarf-with-dsym";
				ENABLE_NS_ASSERTIONS = NO;
				ENABLE_STRICT_OBJC_MSGSEND = YES;
				GCC_C_LANGUAGE_STANDARD = gnu11;
				GCC_NO_COMMON_BLOCKS = YES;
				GCC_WARN_64_TO_32_BIT_CONVERSION = YES;
				GCC_WARN_ABOUT_RETURN_TYPE = YES_ERROR;
				GCC_WARN_UNDECLARED_SELECTOR = YES;
				GCC_WARN_UNINITIALIZED_AUTOS = YES_AGGRESSIVE;
				GCC_WARN_UNUSED_FUNCTION = YES;
				GCC_WARN_UNUSED_VARIABLE = YES;
				MACOSX_DEPLOYMENT_TARGET = 10.13;
				MTL_ENABLE_DEBUG_INFO = NO;
				MTL_FAST_MATH = YES;
				SDKROOT = macosx;
			};
			name = Release;
		};
		ABF5A79121BE5F0900841BF0 /* Debug */ = {
			isa = XCBuildConfiguration;
			buildSettings = {
				CODE_SIGN_STYLE = Automatic;
				HEADER_SEARCH_PATHS = "$(SRCROOT)/FlatBuffers-Example/flatbuffers/include/**";
				LIBRARY_SEARCH_PATHS = (
					"$(inherited)",
					"$(PROJECT_DIR)/FlatBuffers-Example/flatbuffers/Lib",
				);
				PRODUCT_NAME = "$(TARGET_NAME)";
			};
			name = Debug;
		};
		ABF5A79221BE5F0900841BF0 /* Release */ = {
			isa = XCBuildConfiguration;
			buildSettings = {
				CODE_SIGN_STYLE = Automatic;
				HEADER_SEARCH_PATHS = "$(SRCROOT)/FlatBuffers-Example/flatbuffers/include/**";
				LIBRARY_SEARCH_PATHS = (
					"$(inherited)",
					"$(PROJECT_DIR)/FlatBuffers-Example/flatbuffers/Lib",
				);
				PRODUCT_NAME = "$(TARGET_NAME)";
			};
			name = Release;
		};
/* End XCBuildConfiguration section */

/* Begin XCConfigurationList section */
		ABF5A78421BE5F0900841BF0 /* Build configuration list for PBXProject "FlatBuffers-Example" */ = {
			isa = XCConfigurationList;
			buildConfigurations = (
				ABF5A78E21BE5F0900841BF0 /* Debug */,
				ABF5A78F21BE5F0900841BF0 /* Release */,
			);
			defaultConfigurationIsVisible = 0;
			defaultConfigurationName = Release;
		};
		ABF5A79021BE5F0900841BF0 /* Build configuration list for PBXNativeTarget "FlatBuffers-Example" */ = {
			isa = XCConfigurationList;
			buildConfigurations = (
				ABF5A79121BE5F0900841BF0 /* Debug */,
				ABF5A79221BE5F0900841BF0 /* Release */,
			);
			defaultConfigurationIsVisible = 0;
			defaultConfigurationName = Release;
		};
/* End XCConfigurationList section */
	};
	rootObject = ABF5A78121BE5F0900841BF0 /* Project object */;
}
